
Microsoft Visual Studio Solution File, Format Version 12.00
# Visual Studio Version 16
VisualStudioVersion = 16.0.810.10
MinimumVisualStudioVersion = 10.0.40219.1
Project("{FAE04EC0-301F-11D3-BF4B-00C04F79EFBC}") = "XhtCollectionViewAlternatingRowColor.Android", "XhtCollectionViewAlternatingRowColor.Android\XhtCollectionViewAlternatingRowColor.Android.csproj", "{DCF9814B-0C89-4D54-BFFA-3E840B57C448}"
EndProject
Project("{FAE04EC0-301F-11D3-BF4B-00C04F79EFBC}") = "XhtCollectionViewAlternatingRowColor.iOS", "XhtCollectionViewAlternatingRowColor.iOS\XhtCollectionViewAlternatingRowColor.iOS.csproj", "{65A1C291-C679-4EDC-8F69-F8F773F49B11}"
EndProject
Project("{FAE04EC0-301F-11D3-BF4B-00C04F79EFBC}") = "XhtCollectionViewAlternatingRowColor", "XhtCollectionViewAlternatingRowColor\XhtCollectionViewAlternatingRowColor.csproj", "{E57E419C-B863-48F7-8FFE-F397EEF97D43}"
EndProject
Global
	GlobalSection(SolutionConfigurationPlatforms) = preSolution
		Debug|Any CPU = Debug|Any CPU
		Release|Any CPU = Release|Any CPU
		Debug|iPhoneSimulator = Debug|iPhoneSimulator
		Release|iPhoneSimulator = Release|iPhoneSimulator
		Debug|iPhone = Debug|iPhone
		Release|iPhone = Release|iPhone
	EndGlobalSection
	GlobalSection(ProjectConfigurationPlatforms) = postSolution
		{DCF9814B-0C89-4D54-BFFA-3E840B57C448}.Debug|Any CPU.ActiveCfg = Debug|Any CPU
		{DCF9814B-0C89-4D54-BFFA-3E840B57C448}.Debug|Any CPU.Build.0 = Debug|Any CPU
		{DCF9814B-0C89-4D54-BFFA-3E840B57C448}.Release|Any CPU.ActiveCfg = Release|Any CPU
		{DCF9814B-0C89-4D54-BFFA-3E840B57C448}.Release|Any CPU.Build.0 = Release|Any CPU
		{DCF9814B-0C89-4D54-BFFA-3E840B57C448}.Debug|iPhoneSimulator.ActiveCfg = Debug|Any CPU
		{DCF9814B-0C89-4D54-BFFA-3E840B57C448}.Debug|iPhoneSimulator.Build.0 = Debug|Any CPU
		{DCF9814B-0C89-4D54-BFFA-3E840B57C448}.Release|iPhoneSimulator.ActiveCfg = Release|Any CPU
		{DCF9814B-0C89-4D54-BFFA-3E840B57C448}.Release|iPhoneSimulator.Build.0 = Release|Any CPU
		{DCF9814B-0C89-4D54-BFFA-3E840B57C448}.Debug|iPhone.ActiveCfg = Debug|Any CPU
		{DCF9814B-0C89-4D54-BFFA-3E840B57C448}.Debug|iPhone.Build.0 = Debug|Any CPU
		{DCF9814B-0C89-4D54-BFFA-3E840B57C448}.Release|iPhone.ActiveCfg = Release|Any CPU
		{DCF9814B-0C89-4D54-BFFA-3E840B57C448}.Release|iPhone.Build.0 = Release|Any CPU
		{65A1C291-C679-4EDC-8F69-F8F773F49B11}.Debug|Any CPU.ActiveCfg = Debug|iPhoneSimulator
		{65A1C291-C679-4EDC-8F69-F8F773F49B11}.Debug|Any CPU.Build.0 = Debug|iPhoneSimulator
		{65A1C291-C679-4EDC-8F69-F8F773F49B11}.Release|Any CPU.ActiveCfg = Release|iPhoneSimulator
		{65A1C291-C679-4EDC-8F69-F8F773F49B11}.Release|Any CPU.Build.0 = Release|iPhoneSimulator
		{65A1C291-C679-4EDC-8F69-F8F773F49B11}.Debug|iPhoneSimulator.ActiveCfg = Debug|iPhoneSimulator
		{65A1C291-C679-4EDC-8F69-F8F773F49B11}.Debug|iPhoneSimulator.Build.0 = Debug|iPhoneSimulator
		{65A1C291-C679-4EDC-8F69-F8F773F49B11}.Release|iPhoneSimulator.ActiveCfg = Release|iPhoneSimulator
		{65A1C291-C679-4EDC-8F69-F8F773F49B11}.Release|iPhoneSimulator.Build.0 = Release|iPhoneSimulator
		{65A1C291-C679-4EDC-8F69-F8F773F49B11}.Debug|iPhone.ActiveCfg = Debug|iPhone
		{65A1C291-C679-4EDC-8F69-F8F773F49B11}.Debug|iPhone.Build.0 = Debug|iPhone
		{65A1C291-C679-4EDC-8F69-F8F773F49B11}.Release|iPhone.ActiveCfg = Release|iPhone
		{65A1C291-C679-4EDC-8F69-F8F773F49B11}.Release|iPhone.Build.0 = Release|iPhone
		{E57E419C-B863-48F7-8FFE-F397EEF97D43}.Debug|Any CPU.ActiveCfg = Debug|Any CPU
		{E57E419C-B863-48F7-8FFE-F397EEF97D43}.Debug|Any CPU.Build.0 = Debug|Any CPU
		{E57E419C-B863-48F7-8FFE-F397EEF97D43}.Release|Any CPU.ActiveCfg = Release|Any CPU
		{E57E419C-B863-48F7-8FFE-F397EEF97D43}.Release|Any CPU.Build.0 = Release|Any CPU
		{E57E419C-B863-48F7-8FFE-F397EEF97D43}.Debug|iPhoneSimulator.ActiveCfg = Debug|Any CPU
		{E57E419C-B863-48F7-8FFE-F397EEF97D43}.Debug|iPhoneSimulator.Build.0 = Debug|Any CPU
		{E57E419C-B863-48F7-8FFE-F397EEF97D43}.Release|iPhoneSimulator.ActiveCfg = Release|Any CPU
		{E57E419C-B863-48F7-8FFE-F397EEF97D43}.Release|iPhoneSimulator.Build.0 = Release|Any CPU
		{E57E419C-B863-48F7-8FFE-F397EEF97D43}.Debug|iPhone.ActiveCfg = Debug|Any CPU
		{E57E419C-B863-48F7-8FFE-F397EEF97D43}.Debug|iPhone.Build.0 = Debug|Any CPU
		{E57E419C-B863-48F7-8FFE-F397EEF97D43}.Release|iPhone.ActiveCfg = Release|Any CPU
		{E57E419C-B863-48F7-8FFE-F397EEF97D43}.Release|iPhone.Build.0 = Release|Any CPU
	EndGlobalSection
	GlobalSection(SolutionProperties) = preSolution
		HideSolutionNode = FALSE
	EndGlobalSection
	GlobalSection(ExtensibilityGlobals) = postSolution
		SolutionGuid = {E76185B4-20F0-4757-A5D3-EB091B43B83B}
	EndGlobalSection
EndGlobal
